
Microsoft Visual Studio Solution File, Format Version 12.00
# Visual Studio 15
VisualStudioVersion = 15.0.28307.271
MinimumVisualStudioVersion = 10.0.40219.1
Project("{FAE04EC0-301F-11D3-BF4B-00C04F79EFBC}") = "WpfAppUsingReactUI", "WpfAppUsingReactUI\WpfAppUsingReactUI.csproj", "{B3B17C0D-F63C-469C-B56B-BCD501B750BF}"
EndProject
Global
	GlobalSection(SolutionConfigurationPlatforms) = preSolution
		Debug|Any CPU = Debug|Any CPU
		Release|Any CPU = Release|Any CPU
	EndGlobalSection
	GlobalSection(ProjectConfigurationPlatforms) = postSolution
		{B3B17C0D-F63C-469C-B56B-BCD501B750BF}.Debug|Any CPU.ActiveCfg = Debug|Any CPU
		{B3B17C0D-F63C-469C-B56B-BCD501B750BF}.Debug|Any CPU.Build.0 = Debug|Any CPU
		{B3B17C0D-F63C-469C-B56B-BCD501B750BF}.Release|Any CPU.ActiveCfg = Release|Any CPU
		{B3B17C0D-F63C-469C-B56B-BCD501B750BF}.Release|Any CPU.Build.0 = Release|Any CPU
	EndGlobalSection
	GlobalSection(SolutionProperties) = preSolution
		HideSolutionNode = FALSE
	EndGlobalSection
	GlobalSection(ExtensibilityGlobals) = postSolution
		SolutionGuid = {26C5846A-4362-4448-85F5-9EAF8913AA43}
	EndGlobalSection
EndGlobal
