
Microsoft Visual Studio Solution File, Format Version 12.00
# Visual Studio Version 16
VisualStudioVersion = 16.0.28803.156
MinimumVisualStudioVersion = 10.0.40219.1
Project("{FAE04EC0-301F-11D3-BF4B-00C04F79EFBC}") = "WpfAppUsingReactUI", "WpfAppUsingReactUI\WpfAppUsingReactUI.csproj", "{B3B17C0D-F63C-469C-B56B-BCD501B750BF}"
EndProject
Project("{2150E333-8FDC-42A3-9474-1A3956D46DE8}") = "Solution Items", "Solution Items", "{25F55E1B-AE7B-4807-854A-ACCC87EBFAF0}"
	ProjectSection(SolutionItems) = preProject
		README.md = README.md
	EndProjectSection
EndProject
Project("{2150E333-8FDC-42A3-9474-1A3956D46DE8}") = "images", "images", "{2EF3C310-CEAE-43A0-81B1-D3F69FEEC05B}"
	ProjectSection(SolutionItems) = preProject
		img1.JPG = img1.JPG
	EndProjectSection
EndProject
Global
	GlobalSection(SolutionConfigurationPlatforms) = preSolution
		Debug|Any CPU = Debug|Any CPU
		Release|Any CPU = Release|Any CPU
	EndGlobalSection
	GlobalSection(ProjectConfigurationPlatforms) = postSolution
		{B3B17C0D-F63C-469C-B56B-BCD501B750BF}.Debug|Any CPU.ActiveCfg = Debug|Any CPU
		{B3B17C0D-F63C-469C-B56B-BCD501B750BF}.Debug|Any CPU.Build.0 = Debug|Any CPU
		{B3B17C0D-F63C-469C-B56B-BCD501B750BF}.Release|Any CPU.ActiveCfg = Release|Any CPU
		{B3B17C0D-F63C-469C-B56B-BCD501B750BF}.Release|Any CPU.Build.0 = Release|Any CPU
	EndGlobalSection
	GlobalSection(SolutionProperties) = preSolution
		HideSolutionNode = FALSE
	EndGlobalSection
	GlobalSection(NestedProjects) = preSolution
		{2EF3C310-CEAE-43A0-81B1-D3F69FEEC05B} = {25F55E1B-AE7B-4807-854A-ACCC87EBFAF0}
	EndGlobalSection
	GlobalSection(ExtensibilityGlobals) = postSolution
		SolutionGuid = {26C5846A-4362-4448-85F5-9EAF8913AA43}
	EndGlobalSection
EndGlobal
